
Microsoft Visual Studio Solution File, Format Version 12.00
# Visual Studio Version 17
VisualStudioVersion = 17.7.34202.233
MinimumVisualStudioVersion = 10.0.40219.1
Project("{8BC9CEB8-8B4A-11D0-8D11-00A0C91BC942}") = "00. Programming", "00. Programming\00. Programming.vcxproj", "{61968839-6904-4DFC-BCD5-C85C02E2EEA5}"
EndProject
Project("{8BC9CEB8-8B4A-11D0-8D11-00A0C91BC942}") = "01. DataType", "01. DataType\01. DataType.vcxproj", "{A9CCFA77-B10F-4D66-B146-1779F49E3D71}"
EndProject
Project("{8BC9CEB8-8B4A-11D0-8D11-00A0C91BC942}") = "02. Operator", "02. Operator\02. Operator.vcxproj", "{8B425CF5-C900-4190-B53E-CFEC2C76A2B3}"
EndProject
Project("{8BC9CEB8-8B4A-11D0-8D11-00A0C91BC942}") = "03. Conditional", "03. Conditional\03. Conditional.vcxproj", "{FA8EC5F4-F27C-4554-9DB9-2EAB5AA7E529}"
EndProject
Project("{8BC9CEB8-8B4A-11D0-8D11-00A0C91BC942}") = "04. Loop", "04. Loop\04. Loop.vcxproj", "{2E7530AD-5947-4AF5-9B6A-48043D8AB53A}"
EndProject
Project("{8BC9CEB8-8B4A-11D0-8D11-00A0C91BC942}") = "05. Function", "05. Function\05. Function.vcxproj", "{246E7BEB-97BA-4282-8381-14D87B46B7C4}"
EndProject
Project("{8BC9CEB8-8B4A-11D0-8D11-00A0C91BC942}") = "06. Pointer", "06. Pointer\06. Pointer.vcxproj", "{150C41E0-62C2-4F56-91C1-9D9182C96EB3}"
EndProject
Project("{8BC9CEB8-8B4A-11D0-8D11-00A0C91BC942}") = "07. Memory", "07. Memory\07. Memory.vcxproj", "{8A8BF6CD-50F0-44F8-8F44-528E91B23F97}"
EndProject
Project("{8BC9CEB8-8B4A-11D0-8D11-00A0C91BC942}") = "08. Array", "08. Array\08. Array.vcxproj", "{E89671D3-66C5-464A-9270-F6B28C74D6CD}"
EndProject
Project("{8BC9CEB8-8B4A-11D0-8D11-00A0C91BC942}") = "09. String", "09. String\09. String.vcxproj", "{60E6C6EC-67E9-4F2B-87D0-56C1B1434F52}"
EndProject
Project("{8BC9CEB8-8B4A-11D0-8D11-00A0C91BC942}") = "10. UserDefineType", "10. UserDefineType\10. UserDefineType.vcxproj", "{E8F91C79-A2B8-4556-A5BF-BA9CC0CCE2BD}"
EndProject
Project("{8BC9CEB8-8B4A-11D0-8D11-00A0C91BC942}") = "11. Class", "11. Class\11. Class.vcxproj", "{649BFD44-B690-41E3-9FA7-997C4EE92E4D}"
EndProject
Project("{8BC9CEB8-8B4A-11D0-8D11-00A0C91BC942}") = "12. OOP", "12. OOP\12. OOP.vcxproj", "{0AF2B8A3-7E1A-43E3-A55B-0228297436A2}"
EndProject
Global
	GlobalSection(SolutionConfigurationPlatforms) = preSolution
		Debug|x64 = Debug|x64
		Debug|x86 = Debug|x86
		Release|x64 = Release|x64
		Release|x86 = Release|x86
	EndGlobalSection
	GlobalSection(ProjectConfigurationPlatforms) = postSolution
		{61968839-6904-4DFC-BCD5-C85C02E2EEA5}.Debug|x64.ActiveCfg = Debug|x64
		{61968839-6904-4DFC-BCD5-C85C02E2EEA5}.Debug|x64.Build.0 = Debug|x64
		{61968839-6904-4DFC-BCD5-C85C02E2EEA5}.Debug|x86.ActiveCfg = Debug|Win32
		{61968839-6904-4DFC-BCD5-C85C02E2EEA5}.Debug|x86.Build.0 = Debug|Win32
		{61968839-6904-4DFC-BCD5-C85C02E2EEA5}.Release|x64.ActiveCfg = Release|x64
		{61968839-6904-4DFC-BCD5-C85C02E2EEA5}.Release|x64.Build.0 = Release|x64
		{61968839-6904-4DFC-BCD5-C85C02E2EEA5}.Release|x86.ActiveCfg = Release|Win32
		{61968839-6904-4DFC-BCD5-C85C02E2EEA5}.Release|x86.Build.0 = Release|Win32
		{A9CCFA77-B10F-4D66-B146-1779F49E3D71}.Debug|x64.ActiveCfg = Debug|x64
		{A9CCFA77-B10F-4D66-B146-1779F49E3D71}.Debug|x64.Build.0 = Debug|x64
		{A9CCFA77-B10F-4D66-B146-1779F49E3D71}.Debug|x86.ActiveCfg = Debug|Win32
		{A9CCFA77-B10F-4D66-B146-1779F49E3D71}.Debug|x86.Build.0 = Debug|Win32
		{A9CCFA77-B10F-4D66-B146-1779F49E3D71}.Release|x64.ActiveCfg = Release|x64
		{A9CCFA77-B10F-4D66-B146-1779F49E3D71}.Release|x64.Build.0 = Release|x64
		{A9CCFA77-B10F-4D66-B146-1779F49E3D71}.Release|x86.ActiveCfg = Release|Win32
		{A9CCFA77-B10F-4D66-B146-1779F49E3D71}.Release|x86.Build.0 = Release|Win32
		{8B425CF5-C900-4190-B53E-CFEC2C76A2B3}.Debug|x64.ActiveCfg = Debug|x64
		{8B425CF5-C900-4190-B53E-CFEC2C76A2B3}.Debug|x64.Build.0 = Debug|x64
		{8B425CF5-C900-4190-B53E-CFEC2C76A2B3}.Debug|x86.ActiveCfg = Debug|Win32
		{8B425CF5-C900-4190-B53E-CFEC2C76A2B3}.Debug|x86.Build.0 = Debug|Win32
		{8B425CF5-C900-4190-B53E-CFEC2C76A2B3}.Release|x64.ActiveCfg = Release|x64
		{8B425CF5-C900-4190-B53E-CFEC2C76A2B3}.Release|x64.Build.0 = Release|x64
		{8B425CF5-C900-4190-B53E-CFEC2C76A2B3}.Release|x86.ActiveCfg = Release|Win32
		{8B425CF5-C900-4190-B53E-CFEC2C76A2B3}.Release|x86.Build.0 = Release|Win32
		{FA8EC5F4-F27C-4554-9DB9-2EAB5AA7E529}.Debug|x64.ActiveCfg = Debug|x64
		{FA8EC5F4-F27C-4554-9DB9-2EAB5AA7E529}.Debug|x64.Build.0 = Debug|x64
		{FA8EC5F4-F27C-4554-9DB9-2EAB5AA7E529}.Debug|x86.ActiveCfg = Debug|Win32
		{FA8EC5F4-F27C-4554-9DB9-2EAB5AA7E529}.Debug|x86.Build.0 = Debug|Win32
		{FA8EC5F4-F27C-4554-9DB9-2EAB5AA7E529}.Release|x64.ActiveCfg = Release|x64
		{FA8EC5F4-F27C-4554-9DB9-2EAB5AA7E529}.Release|x64.Build.0 = Release|x64
		{FA8EC5F4-F27C-4554-9DB9-2EAB5AA7E529}.Release|x86.ActiveCfg = Release|Win32
		{FA8EC5F4-F27C-4554-9DB9-2EAB5AA7E529}.Release|x86.Build.0 = Release|Win32
		{2E7530AD-5947-4AF5-9B6A-48043D8AB53A}.Debug|x64.ActiveCfg = Debug|x64
		{2E7530AD-5947-4AF5-9B6A-48043D8AB53A}.Debug|x64.Build.0 = Debug|x64
		{2E7530AD-5947-4AF5-9B6A-48043D8AB53A}.Debug|x86.ActiveCfg = Debug|Win32
		{2E7530AD-5947-4AF5-9B6A-48043D8AB53A}.Debug|x86.Build.0 = Debug|Win32
		{2E7530AD-5947-4AF5-9B6A-48043D8AB53A}.Release|x64.ActiveCfg = Release|x64
		{2E7530AD-5947-4AF5-9B6A-48043D8AB53A}.Release|x64.Build.0 = Release|x64
		{2E7530AD-5947-4AF5-9B6A-48043D8AB53A}.Release|x86.ActiveCfg = Release|Win32
		{2E7530AD-5947-4AF5-9B6A-48043D8AB53A}.Release|x86.Build.0 = Release|Win32
		{246E7BEB-97BA-4282-8381-14D87B46B7C4}.Debug|x64.ActiveCfg = Debug|x64
		{246E7BEB-97BA-4282-8381-14D87B46B7C4}.Debug|x64.Build.0 = Debug|x64
		{246E7BEB-97BA-4282-8381-14D87B46B7C4}.Debug|x86.ActiveCfg = Debug|Win32
		{246E7BEB-97BA-4282-8381-14D87B46B7C4}.Debug|x86.Build.0 = Debug|Win32
		{246E7BEB-97BA-4282-8381-14D87B46B7C4}.Release|x64.ActiveCfg = Release|x64
		{246E7BEB-97BA-4282-8381-14D87B46B7C4}.Release|x64.Build.0 = Release|x64
		{246E7BEB-97BA-4282-8381-14D87B46B7C4}.Release|x86.ActiveCfg = Release|Win32
		{246E7BEB-97BA-4282-8381-14D87B46B7C4}.Release|x86.Build.0 = Release|Win32
		{150C41E0-62C2-4F56-91C1-9D9182C96EB3}.Debug|x64.ActiveCfg = Debug|x64
		{150C41E0-62C2-4F56-91C1-9D9182C96EB3}.Debug|x64.Build.0 = Debug|x64
		{150C41E0-62C2-4F56-91C1-9D9182C96EB3}.Debug|x86.ActiveCfg = Debug|Win32
		{150C41E0-62C2-4F56-91C1-9D9182C96EB3}.Debug|x86.Build.0 = Debug|Win32
		{150C41E0-62C2-4F56-91C1-9D9182C96EB3}.Release|x64.ActiveCfg = Release|x64
		{150C41E0-62C2-4F56-91C1-9D9182C96EB3}.Release|x64.Build.0 = Release|x64
		{150C41E0-62C2-4F56-91C1-9D9182C96EB3}.Release|x86.ActiveCfg = Release|Win32
		{150C41E0-62C2-4F56-91C1-9D9182C96EB3}.Release|x86.Build.0 = Release|Win32
		{8A8BF6CD-50F0-44F8-8F44-528E91B23F97}.Debug|x64.ActiveCfg = Debug|x64
		{8A8BF6CD-50F0-44F8-8F44-528E91B23F97}.Debug|x64.Build.0 = Debug|x64
		{8A8BF6CD-50F0-44F8-8F44-528E91B23F97}.Debug|x86.ActiveCfg = Debug|Win32
		{8A8BF6CD-50F0-44F8-8F44-528E91B23F97}.Debug|x86.Build.0 = Debug|Win32
		{8A8BF6CD-50F0-44F8-8F44-528E91B23F97}.Release|x64.ActiveCfg = Release|x64
		{8A8BF6CD-50F0-44F8-8F44-528E91B23F97}.Release|x64.Build.0 = Release|x64
		{8A8BF6CD-50F0-44F8-8F44-528E91B23F97}.Release|x86.ActiveCfg = Release|Win32
		{8A8BF6CD-50F0-44F8-8F44-528E91B23F97}.Release|x86.Build.0 = Release|Win32
		{E89671D3-66C5-464A-9270-F6B28C74D6CD}.Debug|x64.ActiveCfg = Debug|x64
		{E89671D3-66C5-464A-9270-F6B28C74D6CD}.Debug|x64.Build.0 = Debug|x64
		{E89671D3-66C5-464A-9270-F6B28C74D6CD}.Debug|x86.ActiveCfg = Debug|Win32
		{E89671D3-66C5-464A-9270-F6B28C74D6CD}.Debug|x86.Build.0 = Debug|Win32
		{E89671D3-66C5-464A-9270-F6B28C74D6CD}.Release|x64.ActiveCfg = Release|x64
		{E89671D3-66C5-464A-9270-F6B28C74D6CD}.Release|x64.Build.0 = Release|x64
		{E89671D3-66C5-464A-9270-F6B28C74D6CD}.Release|x86.ActiveCfg = Release|Win32
		{E89671D3-66C5-464A-9270-F6B28C74D6CD}.Release|x86.Build.0 = Release|Win32
		{60E6C6EC-67E9-4F2B-87D0-56C1B1434F52}.Debug|x64.ActiveCfg = Debug|x64
		{60E6C6EC-67E9-4F2B-87D0-56C1B1434F52}.Debug|x64.Build.0 = Debug|x64
		{60E6C6EC-67E9-4F2B-87D0-56C1B1434F52}.Debug|x86.ActiveCfg = Debug|Win32
		{60E6C6EC-67E9-4F2B-87D0-56C1B1434F52}.Debug|x86.Build.0 = Debug|Win32
		{60E6C6EC-67E9-4F2B-87D0-56C1B1434F52}.Release|x64.ActiveCfg = Release|x64
		{60E6C6EC-67E9-4F2B-87D0-56C1B1434F52}.Release|x64.Build.0 = Release|x64
		{60E6C6EC-67E9-4F2B-87D0-56C1B1434F52}.Release|x86.ActiveCfg = Release|Win32
		{60E6C6EC-67E9-4F2B-87D0-56C1B1434F52}.Release|x86.Build.0 = Release|Win32
		{E8F91C79-A2B8-4556-A5BF-BA9CC0CCE2BD}.Debug|x64.ActiveCfg = Debug|x64
		{E8F91C79-A2B8-4556-A5BF-BA9CC0CCE2BD}.Debug|x64.Build.0 = Debug|x64
		{E8F91C79-A2B8-4556-A5BF-BA9CC0CCE2BD}.Debug|x86.ActiveCfg = Debug|Win32
		{E8F91C79-A2B8-4556-A5BF-BA9CC0CCE2BD}.Debug|x86.Build.0 = Debug|Win32
		{E8F91C79-A2B8-4556-A5BF-BA9CC0CCE2BD}.Release|x64.ActiveCfg = Release|x64
		{E8F91C79-A2B8-4556-A5BF-BA9CC0CCE2BD}.Release|x64.Build.0 = Release|x64
		{E8F91C79-A2B8-4556-A5BF-BA9CC0CCE2BD}.Release|x86.ActiveCfg = Release|Win32
		{E8F91C79-A2B8-4556-A5BF-BA9CC0CCE2BD}.Release|x86.Build.0 = Release|Win32
		{649BFD44-B690-41E3-9FA7-997C4EE92E4D}.Debug|x64.ActiveCfg = Debug|x64
		{649BFD44-B690-41E3-9FA7-997C4EE92E4D}.Debug|x64.Build.0 = Debug|x64
		{649BFD44-B690-41E3-9FA7-997C4EE92E4D}.Debug|x86.ActiveCfg = Debug|Win32
		{649BFD44-B690-41E3-9FA7-997C4EE92E4D}.Debug|x86.Build.0 = Debug|Win32
		{649BFD44-B690-41E3-9FA7-997C4EE92E4D}.Release|x64.ActiveCfg = Release|x64
		{649BFD44-B690-41E3-9FA7-997C4EE92E4D}.Release|x64.Build.0 = Release|x64
		{649BFD44-B690-41E3-9FA7-997C4EE92E4D}.Release|x86.ActiveCfg = Release|Win32
		{649BFD44-B690-41E3-9FA7-997C4EE92E4D}.Release|x86.Build.0 = Release|Win32
		{0AF2B8A3-7E1A-43E3-A55B-0228297436A2}.Debug|x64.ActiveCfg = Debug|x64
		{0AF2B8A3-7E1A-43E3-A55B-0228297436A2}.Debug|x64.Build.0 = Debug|x64
		{0AF2B8A3-7E1A-43E3-A55B-0228297436A2}.Debug|x86.ActiveCfg = Debug|Win32
		{0AF2B8A3-7E1A-43E3-A55B-0228297436A2}.Debug|x86.Build.0 = Debug|Win32
		{0AF2B8A3-7E1A-43E3-A55B-0228297436A2}.Release|x64.ActiveCfg = Release|x64
		{0AF2B8A3-7E1A-43E3-A55B-0228297436A2}.Release|x64.Build.0 = Release|x64
		{0AF2B8A3-7E1A-43E3-A55B-0228297436A2}.Release|x86.ActiveCfg = Release|Win32
		{0AF2B8A3-7E1A-43E3-A55B-0228297436A2}.Release|x86.Build.0 = Release|Win32
	EndGlobalSection
	GlobalSection(SolutionProperties) = preSolution
		HideSolutionNode = FALSE
	EndGlobalSection
	GlobalSection(ExtensibilityGlobals) = postSolution
		SolutionGuid = {35D7E919-8423-4526-B9A2-178E1FA3AACB}
	EndGlobalSection
EndGlobal
